
Microsoft Visual Studio Solution File, Format Version 12.00
# Visual Studio 15
VisualStudioVersion = 15.0.28010.2050
MinimumVisualStudioVersion = 10.0.40219.1
Project("{FAE04EC0-301F-11D3-BF4B-00C04F79EFBC}") = "UI", "UI\UI.csproj", "{14843FA0-FC9F-4A30-BA65-837037233D0F}"
EndProject
Project("{FAE04EC0-301F-11D3-BF4B-00C04F79EFBC}") = "DatabaseProvider", "DatabaseProvider\DatabaseProvider.csproj", "{6737448E-16C0-43D7-9E14-ECBCD13B4EC5}"
EndProject
Project("{FAE04EC0-301F-11D3-BF4B-00C04F79EFBC}") = "DatabaseConvert", "DatabaseConvert\DatabaseConvert.csproj", "{B0EDCE73-F70A-4BA3-B72B-2EEAED522B11}"
EndProject
Project("{FAE04EC0-301F-11D3-BF4B-00C04F79EFBC}") = "DatabaseConvert.Data", "DatabaseConvert.Data\DatabaseConvert.Data.csproj", "{2F7EAC5B-E30A-4901-96C4-588C4D4241BD}"
EndProject
Project("{FAE04EC0-301F-11D3-BF4B-00C04F79EFBC}") = "DatabaseProvider.Data", "DatabaseProvider.Data\DatabaseProvider.Data.csproj", "{B344EFF1-22C5-4DFF-B0EB-F4C6003C7036}"
EndProject
Project("{FAE04EC0-301F-11D3-BF4B-00C04F79EFBC}") = "DocumentExport.Excel", "DocumentExport.Excel\DocumentExport.Excel.csproj", "{0F284815-C508-43A0-A080-BCDDCEFE2631}"
EndProject
Project("{FAE04EC0-301F-11D3-BF4B-00C04F79EFBC}") = "Entity", "Entity\Entity.csproj", "{775B3E92-5019-4138-8030-C17BB75CFD4C}"
EndProject
Global
	GlobalSection(SolutionConfigurationPlatforms) = preSolution
		Debug|Any CPU = Debug|Any CPU
		Release|Any CPU = Release|Any CPU
	EndGlobalSection
	GlobalSection(ProjectConfigurationPlatforms) = postSolution
		{14843FA0-FC9F-4A30-BA65-837037233D0F}.Debug|Any CPU.ActiveCfg = Debug|Any CPU
		{14843FA0-FC9F-4A30-BA65-837037233D0F}.Debug|Any CPU.Build.0 = Debug|Any CPU
		{14843FA0-FC9F-4A30-BA65-837037233D0F}.Release|Any CPU.ActiveCfg = Release|Any CPU
		{14843FA0-FC9F-4A30-BA65-837037233D0F}.Release|Any CPU.Build.0 = Release|Any CPU
		{6737448E-16C0-43D7-9E14-ECBCD13B4EC5}.Debug|Any CPU.ActiveCfg = Debug|Any CPU
		{6737448E-16C0-43D7-9E14-ECBCD13B4EC5}.Debug|Any CPU.Build.0 = Debug|Any CPU
		{6737448E-16C0-43D7-9E14-ECBCD13B4EC5}.Release|Any CPU.ActiveCfg = Release|Any CPU
		{6737448E-16C0-43D7-9E14-ECBCD13B4EC5}.Release|Any CPU.Build.0 = Release|Any CPU
		{B0EDCE73-F70A-4BA3-B72B-2EEAED522B11}.Debug|Any CPU.ActiveCfg = Debug|Any CPU
		{B0EDCE73-F70A-4BA3-B72B-2EEAED522B11}.Debug|Any CPU.Build.0 = Debug|Any CPU
		{B0EDCE73-F70A-4BA3-B72B-2EEAED522B11}.Release|Any CPU.ActiveCfg = Release|Any CPU
		{B0EDCE73-F70A-4BA3-B72B-2EEAED522B11}.Release|Any CPU.Build.0 = Release|Any CPU
		{2F7EAC5B-E30A-4901-96C4-588C4D4241BD}.Debug|Any CPU.ActiveCfg = Debug|Any CPU
		{2F7EAC5B-E30A-4901-96C4-588C4D4241BD}.Debug|Any CPU.Build.0 = Debug|Any CPU
		{2F7EAC5B-E30A-4901-96C4-588C4D4241BD}.Release|Any CPU.ActiveCfg = Release|Any CPU
		{2F7EAC5B-E30A-4901-96C4-588C4D4241BD}.Release|Any CPU.Build.0 = Release|Any CPU
		{B344EFF1-22C5-4DFF-B0EB-F4C6003C7036}.Debug|Any CPU.ActiveCfg = Debug|Any CPU
		{B344EFF1-22C5-4DFF-B0EB-F4C6003C7036}.Debug|Any CPU.Build.0 = Debug|Any CPU
		{B344EFF1-22C5-4DFF-B0EB-F4C6003C7036}.Release|Any CPU.ActiveCfg = Release|Any CPU
		{B344EFF1-22C5-4DFF-B0EB-F4C6003C7036}.Release|Any CPU.Build.0 = Release|Any CPU
		{0F284815-C508-43A0-A080-BCDDCEFE2631}.Debug|Any CPU.ActiveCfg = Debug|Any CPU
		{0F284815-C508-43A0-A080-BCDDCEFE2631}.Debug|Any CPU.Build.0 = Debug|Any CPU
		{0F284815-C508-43A0-A080-BCDDCEFE2631}.Release|Any CPU.ActiveCfg = Release|Any CPU
		{0F284815-C508-43A0-A080-BCDDCEFE2631}.Release|Any CPU.Build.0 = Release|Any CPU
		{775B3E92-5019-4138-8030-C17BB75CFD4C}.Debug|Any CPU.ActiveCfg = Debug|Any CPU
		{775B3E92-5019-4138-8030-C17BB75CFD4C}.Debug|Any CPU.Build.0 = Debug|Any CPU
		{775B3E92-5019-4138-8030-C17BB75CFD4C}.Release|Any CPU.ActiveCfg = Release|Any CPU
		{775B3E92-5019-4138-8030-C17BB75CFD4C}.Release|Any CPU.Build.0 = Release|Any CPU
	EndGlobalSection
	GlobalSection(SolutionProperties) = preSolution
		HideSolutionNode = FALSE
	EndGlobalSection
	GlobalSection(ExtensibilityGlobals) = postSolution
		SolutionGuid = {EFD15038-E627-4D69-AF96-69E4E279F417}
	EndGlobalSection
EndGlobal
